# This file is generated by running "yarn install" inside your project.
# Manual changes might be lost - proceed with caution!

__metadata:
  version: 8
  cacheKey: 10c0

"@asamuzakjp/css-color@npm:^2.8.2":
  version: 2.8.3
  resolution: "@asamuzakjp/css-color@npm:2.8.3"
  dependencies:
    "@csstools/css-calc": "npm:^2.1.1"
    "@csstools/css-color-parser": "npm:^3.0.7"
    "@csstools/css-parser-algorithms": "npm:^3.0.4"
    "@csstools/css-tokenizer": "npm:^3.0.3"
    lru-cache: "npm:^10.4.3"
  checksum: 10c0/e108c92ee5de6d8510c9aaca8375c0aeab730dc9b6d4bd287aea2a0379cfbaa09f0814dcacb3e2ddc5c79d7deedf3f82ec8d1ce0effd4a8fac8415b1fe553798
  languageName: node
  linkType: hard

"@csstools/color-helpers@npm:^5.0.1":
  version: 5.0.1
  resolution: "@csstools/color-helpers@npm:5.0.1"
  checksum: 10c0/77fa3b7236eaa3f36dea24708ac0d5e53168903624ac5aed54615752a0730cd20773fda50e742ce868012eca8c000cc39688e05869e79f34714230ab6968d1e6
  languageName: node
  linkType: hard

"@csstools/css-calc@npm:^2.1.1":
  version: 2.1.1
  resolution: "@csstools/css-calc@npm:2.1.1"
  peerDependencies:
    "@csstools/css-parser-algorithms": ^3.0.4
    "@csstools/css-tokenizer": ^3.0.3
  checksum: 10c0/857c8dac40eb6ba8810408dad141bbcad060b28bce69dfd3bcf095a060fcaa23d5c4dbf52be88fcb57e12ce32c666e855dc68de1d8020851f6b432e3f9b29950
  languageName: node
  linkType: hard

"@csstools/css-color-parser@npm:^3.0.7":
  version: 3.0.7
  resolution: "@csstools/css-color-parser@npm:3.0.7"
  dependencies:
    "@csstools/color-helpers": "npm:^5.0.1"
    "@csstools/css-calc": "npm:^2.1.1"
  peerDependencies:
    "@csstools/css-parser-algorithms": ^3.0.4
    "@csstools/css-tokenizer": ^3.0.3
  checksum: 10c0/b81780e6c50f0b0605776bd39bbd6203780231a561601853a9835cc70788560e7a281d0fbfe47ebe8affcb07dd64b0b1dcd4b67552520cfbe0e5088df158f12c
  languageName: node
  linkType: hard

"@csstools/css-parser-algorithms@npm:^3.0.4":
  version: 3.0.4
  resolution: "@csstools/css-parser-algorithms@npm:3.0.4"
  peerDependencies:
    "@csstools/css-tokenizer": ^3.0.3
  checksum: 10c0/d411f07765e14eede17bccc6bd4f90ff303694df09aabfede3fd104b2dfacfd4fe3697cd25ddad14684c850328f3f9420ebfa9f78380892492974db24ae47dbd
  languageName: node
  linkType: hard

"@csstools/css-tokenizer@npm:^3.0.3":
  version: 3.0.3
  resolution: "@csstools/css-tokenizer@npm:3.0.3"
  checksum: 10c0/c31bf410e1244b942e71798e37c54639d040cb59e0121b21712b40015fced2b0fb1ffe588434c5f8923c9cd0017cfc1c1c8f3921abc94c96edf471aac2eba5e5
  languageName: node
  linkType: hard

"agent-base@npm:^7.1.0, agent-base@npm:^7.1.2":
  version: 7.1.3
  resolution: "agent-base@npm:7.1.3"
  checksum: 10c0/6192b580c5b1d8fb399b9c62bf8343d76654c2dd62afcb9a52b2cf44a8b6ace1e3b704d3fe3547d91555c857d3df02603341ff2cb961b9cfe2b12f9f3c38ee11
  languageName: node
  linkType: hard

"asynckit@npm:^0.4.0":
  version: 0.4.0
  resolution: "asynckit@npm:0.4.0"
  checksum: 10c0/d73e2ddf20c4eb9337e1b3df1a0f6159481050a5de457c55b14ea2e5cb6d90bb69e004c9af54737a5ee0917fcf2c9e25de67777bbe58261847846066ba75bc9d
  languageName: node
  linkType: hard

"combined-stream@npm:^1.0.8":
  version: 1.0.8
  resolution: "combined-stream@npm:1.0.8"
  dependencies:
    delayed-stream: "npm:~1.0.0"
  checksum: 10c0/0dbb829577e1b1e839fa82b40c07ffaf7de8a09b935cadd355a73652ae70a88b4320db322f6634a4ad93424292fa80973ac6480986247f1734a1137debf271d5
  languageName: node
  linkType: hard

"cssstyle@npm:^4.2.1":
  version: 4.2.1
  resolution: "cssstyle@npm:4.2.1"
  dependencies:
    "@asamuzakjp/css-color": "npm:^2.8.2"
    rrweb-cssom: "npm:^0.8.0"
  checksum: 10c0/02ba8c47c0caaab57acadacb3eb6c0f5f009000f55d61f6563670e07d389b26edefeed497e6c1847fcd2e6bbe0b6974c2d4291f97fa0c6ec6add13a7fa926d84
  languageName: node
  linkType: hard

"data-urls@npm:^5.0.0":
  version: 5.0.0
  resolution: "data-urls@npm:5.0.0"
  dependencies:
    whatwg-mimetype: "npm:^4.0.0"
    whatwg-url: "npm:^14.0.0"
  checksum: 10c0/1b894d7d41c861f3a4ed2ae9b1c3f0909d4575ada02e36d3d3bc584bdd84278e20709070c79c3b3bff7ac98598cb191eb3e86a89a79ea4ee1ef360e1694f92ad
  languageName: node
  linkType: hard

"debug@npm:4, debug@npm:^4.3.4":
  version: 4.4.0
  resolution: "debug@npm:4.4.0"
  dependencies:
    ms: "npm:^2.1.3"
  peerDependenciesMeta:
    supports-color:
      optional: true
  checksum: 10c0/db94f1a182bf886f57b4755f85b3a74c39b5114b9377b7ab375dc2cfa3454f09490cc6c30f829df3fc8042bc8b8995f6567ce5cd96f3bc3688bd24027197d9de
  languageName: node
  linkType: hard

"decimal.js@npm:^10.4.3":
  version: 10.5.0
  resolution: "decimal.js@npm:10.5.0"
  checksum: 10c0/785c35279df32762143914668df35948920b6c1c259b933e0519a69b7003fc0a5ed2a766b1e1dda02574450c566b21738a45f15e274b47c2ac02072c0d1f3ac3
  languageName: node
  linkType: hard

"delayed-stream@npm:~1.0.0":
  version: 1.0.0
  resolution: "delayed-stream@npm:1.0.0"
  checksum: 10c0/d758899da03392e6712f042bec80aa293bbe9e9ff1b2634baae6a360113e708b91326594c8a486d475c69d6259afb7efacdc3537bfcda1c6c648e390ce601b19
  languageName: node
  linkType: hard

"entities@npm:^4.5.0":
  version: 4.5.0
  resolution: "entities@npm:4.5.0"
  checksum: 10c0/5b039739f7621f5d1ad996715e53d964035f75ad3b9a4d38c6b3804bb226e282ffeae2443624d8fdd9c47d8e926ae9ac009c54671243f0c3294c26af7cc85250
  languageName: node
  linkType: hard

"form-data@npm:^4.0.1":
  version: 4.0.1
  resolution: "form-data@npm:4.0.1"
  dependencies:
    asynckit: "npm:^0.4.0"
    combined-stream: "npm:^1.0.8"
    mime-types: "npm:^2.1.12"
  checksum: 10c0/bb102d570be8592c23f4ea72d7df9daa50c7792eb0cf1c5d7e506c1706e7426a4e4ae48a35b109e91c85f1c0ec63774a21ae252b66f4eb981cb8efef7d0463c8
  languageName: node
  linkType: hard

"html-encoding-sniffer@npm:^4.0.0":
  version: 4.0.0
  resolution: "html-encoding-sniffer@npm:4.0.0"
  dependencies:
    whatwg-encoding: "npm:^3.1.1"
  checksum: 10c0/523398055dc61ac9b34718a719cb4aa691e4166f29187e211e1607de63dc25ac7af52ca7c9aead0c4b3c0415ffecb17326396e1202e2e86ff4bca4c0ee4c6140
  languageName: node
  linkType: hard

"http-proxy-agent@npm:^7.0.2":
  version: 7.0.2
  resolution: "http-proxy-agent@npm:7.0.2"
  dependencies:
    agent-base: "npm:^7.1.0"
    debug: "npm:^4.3.4"
  checksum: 10c0/4207b06a4580fb85dd6dff521f0abf6db517489e70863dca1a0291daa7f2d3d2d6015a57bd702af068ea5cf9f1f6ff72314f5f5b4228d299c0904135d2aef921
  languageName: node
  linkType: hard

"https-proxy-agent@npm:^7.0.6":
  version: 7.0.6
  resolution: "https-proxy-agent@npm:7.0.6"
  dependencies:
    agent-base: "npm:^7.1.2"
    debug: "npm:4"
  checksum: 10c0/f729219bc735edb621fa30e6e84e60ee5d00802b8247aac0d7b79b0bd6d4b3294737a337b93b86a0bd9e68099d031858a39260c976dc14cdbba238ba1f8779ac
  languageName: node
  linkType: hard

"iconv-lite@npm:0.6.3":
  version: 0.6.3
  resolution: "iconv-lite@npm:0.6.3"
  dependencies:
    safer-buffer: "npm:>= 2.1.2 < 3.0.0"
  checksum: 10c0/98102bc66b33fcf5ac044099d1257ba0b7ad5e3ccd3221f34dd508ab4070edff183276221684e1e0555b145fce0850c9f7d2b60a9fcac50fbb4ea0d6e845a3b1
  languageName: node
  linkType: hard

"is-potential-custom-element-name@npm:^1.0.1":
  version: 1.0.1
  resolution: "is-potential-custom-element-name@npm:1.0.1"
  checksum: 10c0/b73e2f22bc863b0939941d369486d308b43d7aef1f9439705e3582bfccaa4516406865e32c968a35f97a99396dac84e2624e67b0a16b0a15086a785e16ce7db9
  languageName: node
  linkType: hard

"jsdom@npm:^26.0.0":
  version: 26.0.0
  resolution: "jsdom@npm:26.0.0"
  dependencies:
    cssstyle: "npm:^4.2.1"
    data-urls: "npm:^5.0.0"
    decimal.js: "npm:^10.4.3"
    form-data: "npm:^4.0.1"
    html-encoding-sniffer: "npm:^4.0.0"
    http-proxy-agent: "npm:^7.0.2"
    https-proxy-agent: "npm:^7.0.6"
    is-potential-custom-element-name: "npm:^1.0.1"
    nwsapi: "npm:^2.2.16"
    parse5: "npm:^7.2.1"
    rrweb-cssom: "npm:^0.8.0"
    saxes: "npm:^6.0.0"
    symbol-tree: "npm:^3.2.4"
    tough-cookie: "npm:^5.0.0"
    w3c-xmlserializer: "npm:^5.0.0"
    webidl-conversions: "npm:^7.0.0"
    whatwg-encoding: "npm:^3.1.1"
    whatwg-mimetype: "npm:^4.0.0"
    whatwg-url: "npm:^14.1.0"
    ws: "npm:^8.18.0"
    xml-name-validator: "npm:^5.0.0"
  peerDependencies:
    canvas: ^3.0.0
  peerDependenciesMeta:
    canvas:
      optional: true
  checksum: 10c0/e48725ba4027edcfc9bca5799eaec72c6561ecffe3675a8ff87fe9c3541ca4ff9f82b4eff5b3d9c527302da0d859b2f60e9364347a5d42b77f5c76c436c569dc
  languageName: node
  linkType: hard

"lru-cache@npm:^10.4.3":
  version: 10.4.3
  resolution: "lru-cache@npm:10.4.3"
  checksum: 10c0/ebd04fbca961e6c1d6c0af3799adcc966a1babe798f685bb84e6599266599cd95d94630b10262f5424539bc4640107e8a33aa28585374abf561d30d16f4b39fb
  languageName: node
  linkType: hard

"mime-db@npm:1.52.0":
  version: 1.52.0
  resolution: "mime-db@npm:1.52.0"
  checksum: 10c0/0557a01deebf45ac5f5777fe7740b2a5c309c6d62d40ceab4e23da9f821899ce7a900b7ac8157d4548ddbb7beffe9abc621250e6d182b0397ec7f10c7b91a5aa
  languageName: node
  linkType: hard

"mime-types@npm:^2.1.12":
  version: 2.1.35
  resolution: "mime-types@npm:2.1.35"
  dependencies:
    mime-db: "npm:1.52.0"
  checksum: 10c0/82fb07ec56d8ff1fc999a84f2f217aa46cb6ed1033fefaabd5785b9a974ed225c90dc72fff460259e66b95b73648596dbcc50d51ed69cdf464af2d237d3149b2
  languageName: node
  linkType: hard

"ms@npm:^2.1.3":
  version: 2.1.3
  resolution: "ms@npm:2.1.3"
  checksum: 10c0/d924b57e7312b3b63ad21fc5b3dc0af5e78d61a1fc7cfb5457edaf26326bf62be5307cc87ffb6862ef1c2b33b0233cdb5d4f01c4c958cc0d660948b65a287a48
  languageName: node
  linkType: hard

"nwsapi@npm:^2.2.16":
  version: 2.2.16
  resolution: "nwsapi@npm:2.2.16"
  checksum: 10c0/0aa0637f4d51043d0183d994e08336bae996b03b42984381bf09ebdf3ff4909c018eda6b2a8aba0a08f3ea8303db8a0dad0608b38dc0bff15fd87017286ae21a
  languageName: node
  linkType: hard

"parse5@npm:^7.2.1":
  version: 7.2.1
  resolution: "parse5@npm:7.2.1"
  dependencies:
    entities: "npm:^4.5.0"
  checksum: 10c0/829d37a0c709215a887e410a7118d754f8e1afd7edb529db95bc7bbf8045fb0266a7b67801331d8e8d9d073ea75793624ec27ce9ff3b96862c3b9008f4d68e80
  languageName: node
  linkType: hard

"prettier@npm:^3.4.2":
  version: 3.4.2
  resolution: "prettier@npm:3.4.2"
  bin:
    prettier: bin/prettier.cjs
  checksum: 10c0/99e076a26ed0aba4ebc043880d0f08bbb8c59a4c6641cdee6cdadf2205bdd87aa1d7823f50c3aea41e015e99878d37c58d7b5f0e663bba0ef047f94e36b96446
  languageName: node
  linkType: hard

"punycode@npm:^2.3.1":
  version: 2.3.1
  resolution: "punycode@npm:2.3.1"
  checksum: 10c0/14f76a8206bc3464f794fb2e3d3cc665ae416c01893ad7a02b23766eb07159144ee612ad67af5e84fa4479ccfe67678c4feb126b0485651b302babf66f04f9e9
  languageName: node
  linkType: hard

"root-workspace-0b6124@workspace:.":
  version: 0.0.0-use.local
  resolution: "root-workspace-0b6124@workspace:."
  dependencies:
    jsdom: "npm:^26.0.0"
    prettier: "npm:^3.4.2"
    typescript: "npm:^4"
  languageName: unknown
  linkType: soft

"rrweb-cssom@npm:^0.8.0":
  version: 0.8.0
  resolution: "rrweb-cssom@npm:0.8.0"
  checksum: 10c0/56f2bfd56733adb92c0b56e274c43f864b8dd48784d6fe946ef5ff8d438234015e59ad837fc2ad54714b6421384141c1add4eb569e72054e350d1f8a50b8ac7b
  languageName: node
  linkType: hard

"safer-buffer@npm:>= 2.1.2 < 3.0.0":
  version: 2.1.2
  resolution: "safer-buffer@npm:2.1.2"
  checksum: 10c0/7e3c8b2e88a1841c9671094bbaeebd94448111dd90a81a1f606f3f67708a6ec57763b3b47f06da09fc6054193e0e6709e77325415dc8422b04497a8070fa02d4
  languageName: node
  linkType: hard

"saxes@npm:^6.0.0":
  version: 6.0.0
  resolution: "saxes@npm:6.0.0"
  dependencies:
    xmlchars: "npm:^2.2.0"
  checksum: 10c0/3847b839f060ef3476eb8623d099aa502ad658f5c40fd60c105ebce86d244389b0d76fcae30f4d0c728d7705ceb2f7e9b34bb54717b6a7dbedaf5dad2d9a4b74
  languageName: node
  linkType: hard

"symbol-tree@npm:^3.2.4":
  version: 3.2.4
  resolution: "symbol-tree@npm:3.2.4"
  checksum: 10c0/dfbe201ae09ac6053d163578778c53aa860a784147ecf95705de0cd23f42c851e1be7889241495e95c37cabb058edb1052f141387bef68f705afc8f9dd358509
  languageName: node
  linkType: hard

"tldts-core@npm:^6.1.76":
  version: 6.1.76
  resolution: "tldts-core@npm:6.1.76"
  checksum: 10c0/597a17715198f77cb8da98049d1cbb2684083c09c18e4957121009dea6aaa862dc1a2829f5d81a5306e49cd7b8f5316b5de82db64841acc9b570d7ada6e97f3e
  languageName: node
  linkType: hard

"tldts@npm:^6.1.32":
  version: 6.1.76
  resolution: "tldts@npm:6.1.76"
  dependencies:
    tldts-core: "npm:^6.1.76"
  bin:
    tldts: bin/cli.js
  checksum: 10c0/86173db1b152c4b8468777ec3b78b1e811a4ac5eb3ac34d077f7d72b11e6f14637b540e21464a522403bf034d5dcb6a2d5ea21d69a3d0cd1e9ae05a0e77624ad
  languageName: node
  linkType: hard

"tough-cookie@npm:^5.0.0":
  version: 5.1.0
  resolution: "tough-cookie@npm:5.1.0"
  dependencies:
    tldts: "npm:^6.1.32"
  checksum: 10c0/cae151040c9fc43169a1cac5af5c6d56aa3d31435b985fd5749669430d45a0c3a3be03991b210af40c1aa175050955b57509f8d275bd06735e7e268a7e0b78af
  languageName: node
  linkType: hard

"tr46@npm:^5.0.0":
  version: 5.0.0
  resolution: "tr46@npm:5.0.0"
  dependencies:
    punycode: "npm:^2.3.1"
  checksum: 10c0/1521b6e7bbc8adc825c4561480f9fe48eb2276c81335eed9fa610aa4c44a48a3221f78b10e5f18b875769eb3413e30efbf209ed556a17a42aa8d690df44b7bee
  languageName: node
  linkType: hard

"typescript@npm:^4":
  version: 4.9.5
  resolution: "typescript@npm:4.9.5"
  bin:
    tsc: bin/tsc
    tsserver: bin/tsserver
  checksum: 10c0/5f6cad2e728a8a063521328e612d7876e12f0d8a8390d3b3aaa452a6a65e24e9ac8ea22beb72a924fd96ea0a49ea63bb4e251fb922b12eedfb7f7a26475e5c56
  languageName: node
  linkType: hard

"typescript@patch:typescript@npm%3A^4#optional!builtin<compat/typescript>":
  version: 4.9.5
  resolution: "typescript@patch:typescript@npm%3A4.9.5#optional!builtin<compat/typescript>::version=4.9.5&hash=289587"
  bin:
    tsc: bin/tsc
    tsserver: bin/tsserver
  checksum: 10c0/e3333f887c6829dfe0ab6c1dbe0dd1e3e2aeb56c66460cb85c5440c566f900c833d370ca34eb47558c0c69e78ced4bfe09b8f4f98b6de7afed9b84b8d1dd06a1
  languageName: node
  linkType: hard

"w3c-xmlserializer@npm:^5.0.0":
  version: 5.0.0
  resolution: "w3c-xmlserializer@npm:5.0.0"
  dependencies:
    xml-name-validator: "npm:^5.0.0"
  checksum: 10c0/8712774c1aeb62dec22928bf1cdfd11426c2c9383a1a63f2bcae18db87ca574165a0fbe96b312b73652149167ac6c7f4cf5409f2eb101d9c805efe0e4bae798b
  languageName: node
  linkType: hard

"webidl-conversions@npm:^7.0.0":
  version: 7.0.0
  resolution: "webidl-conversions@npm:7.0.0"
  checksum: 10c0/228d8cb6d270c23b0720cb2d95c579202db3aaf8f633b4e9dd94ec2000a04e7e6e43b76a94509cdb30479bd00ae253ab2371a2da9f81446cc313f89a4213a2c4
  languageName: node
  linkType: hard

"whatwg-encoding@npm:^3.1.1":
  version: 3.1.1
  resolution: "whatwg-encoding@npm:3.1.1"
  dependencies:
    iconv-lite: "npm:0.6.3"
  checksum: 10c0/273b5f441c2f7fda3368a496c3009edbaa5e43b71b09728f90425e7f487e5cef9eb2b846a31bd760dd8077739c26faf6b5ca43a5f24033172b003b72cf61a93e
  languageName: node
  linkType: hard

"whatwg-mimetype@npm:^4.0.0":
  version: 4.0.0
  resolution: "whatwg-mimetype@npm:4.0.0"
  checksum: 10c0/a773cdc8126b514d790bdae7052e8bf242970cebd84af62fb2f35a33411e78e981f6c0ab9ed1fe6ec5071b09d5340ac9178e05b52d35a9c4bcf558ba1b1551df
  languageName: node
  linkType: hard

"whatwg-url@npm:^14.0.0, whatwg-url@npm:^14.1.0":
  version: 14.1.0
  resolution: "whatwg-url@npm:14.1.0"
  dependencies:
    tr46: "npm:^5.0.0"
    webidl-conversions: "npm:^7.0.0"
  checksum: 10c0/f00104f1c67ce086ba8ffedab529cbbd9aefd8c0a6555320026de7aeff31f91c38680f95818b140a7c9cc657cde3781e567835dda552ddb1e2b8faaba0ac3cb6
  languageName: node
  linkType: hard

"ws@npm:^8.18.0":
  version: 8.18.0
  resolution: "ws@npm:8.18.0"
  peerDependencies:
    bufferutil: ^4.0.1
    utf-8-validate: ">=5.0.2"
  peerDependenciesMeta:
    bufferutil:
      optional: true
    utf-8-validate:
      optional: true
  checksum: 10c0/25eb33aff17edcb90721ed6b0eb250976328533ad3cd1a28a274bd263682e7296a6591ff1436d6cbc50fa67463158b062f9d1122013b361cec99a05f84680e06
  languageName: node
  linkType: hard

"xml-name-validator@npm:^5.0.0":
  version: 5.0.0
  resolution: "xml-name-validator@npm:5.0.0"
  checksum: 10c0/3fcf44e7b73fb18be917fdd4ccffff3639373c7cb83f8fc35df6001fecba7942f1dbead29d91ebb8315e2f2ff786b508f0c9dc0215b6353f9983c6b7d62cb1f5
  languageName: node
  linkType: hard

"xmlchars@npm:^2.2.0":
  version: 2.2.0
  resolution: "xmlchars@npm:2.2.0"
  checksum: 10c0/b64b535861a6f310c5d9bfa10834cf49127c71922c297da9d4d1b45eeaae40bf9b4363275876088fbe2667e5db028d2cd4f8ee72eed9bede840a67d57dab7593
  languageName: node
  linkType: hard
